
Microsoft Visual Studio Solution File, Format Version 12.00
# Visual Studio Version 16
VisualStudioVersion = 16.0.30011.22
MinimumVisualStudioVersion = 10.0.40219.1
Project("{8BC9CEB8-8B4A-11D0-8D11-00A0C91BC942}") = "WinAPI_RandomStars", "WinAPI_RandomStars\WinAPI_RandomStars.vcxproj", "{228CA352-FA3A-4C20-94EA-DF70E6D2ABF2}"
EndProject
Global
	GlobalSection(SolutionConfigurationPlatforms) = preSolution
		Debug|x64 = Debug|x64
		Debug|x86 = Debug|x86
		Release|x64 = Release|x64
		Release|x86 = Release|x86
	EndGlobalSection
	GlobalSection(ProjectConfigurationPlatforms) = postSolution
		{228CA352-FA3A-4C20-94EA-DF70E6D2ABF2}.Debug|x64.ActiveCfg = Debug|x64
		{228CA352-FA3A-4C20-94EA-DF70E6D2ABF2}.Debug|x64.Build.0 = Debug|x64
		{228CA352-FA3A-4C20-94EA-DF70E6D2ABF2}.Debug|x86.ActiveCfg = Debug|Win32
		{228CA352-FA3A-4C20-94EA-DF70E6D2ABF2}.Debug|x86.Build.0 = Debug|Win32
		{228CA352-FA3A-4C20-94EA-DF70E6D2ABF2}.Release|x64.ActiveCfg = Release|x64
		{228CA352-FA3A-4C20-94EA-DF70E6D2ABF2}.Release|x64.Build.0 = Release|x64
		{228CA352-FA3A-4C20-94EA-DF70E6D2ABF2}.Release|x86.ActiveCfg = Release|Win32
		{228CA352-FA3A-4C20-94EA-DF70E6D2ABF2}.Release|x86.Build.0 = Release|Win32
	EndGlobalSection
	GlobalSection(SolutionProperties) = preSolution
		HideSolutionNode = FALSE
	EndGlobalSection
	GlobalSection(ExtensibilityGlobals) = postSolution
		SolutionGuid = {70E7F97D-477E-4DE5-979F-CE584357DC4A}
	EndGlobalSection
EndGlobal
